
Microsoft Visual Studio Solution File, Format Version 12.00
Project("{FAE04EC0-301F-11D3-BF4B-00C04F79EFBC}") = "FlowChartAlgorithmTask6", "FlowChartAlgorithmTask6\FlowChartAlgorithmTask6.csproj", "{ECE2AFC5-C0A6-4861-8C5F-1D97F1D08735}"
EndProject
Global
	GlobalSection(SolutionConfigurationPlatforms) = preSolution
		Debug|Any CPU = Debug|Any CPU
		Release|Any CPU = Release|Any CPU
	EndGlobalSection
	GlobalSection(ProjectConfigurationPlatforms) = postSolution
		{ECE2AFC5-C0A6-4861-8C5F-1D97F1D08735}.Debug|Any CPU.ActiveCfg = Debug|Any CPU
		{ECE2AFC5-C0A6-4861-8C5F-1D97F1D08735}.Debug|Any CPU.Build.0 = Debug|Any CPU
		{ECE2AFC5-C0A6-4861-8C5F-1D97F1D08735}.Release|Any CPU.ActiveCfg = Release|Any CPU
		{ECE2AFC5-C0A6-4861-8C5F-1D97F1D08735}.Release|Any CPU.Build.0 = Release|Any CPU
	EndGlobalSection
EndGlobal
