
Microsoft Visual Studio Solution File, Format Version 12.00
# Visual Studio Version 17
VisualStudioVersion = 17.11.35312.102
MinimumVisualStudioVersion = 10.0.40219.1
Project("{FAE04EC0-301F-11D3-BF4B-00C04F79EFBC}") = "LabTaskMaxNumberWithDigits", "LabTaskMaxNumberWithDigits\LabTaskMaxNumberWithDigits.csproj", "{AFBDA673-A438-4443-9086-96DB3E413367}"
EndProject
Global
	GlobalSection(SolutionConfigurationPlatforms) = preSolution
		Debug|Any CPU = Debug|Any CPU
		Release|Any CPU = Release|Any CPU
	EndGlobalSection
	GlobalSection(ProjectConfigurationPlatforms) = postSolution
		{AFBDA673-A438-4443-9086-96DB3E413367}.Debug|Any CPU.ActiveCfg = Debug|Any CPU
		{AFBDA673-A438-4443-9086-96DB3E413367}.Debug|Any CPU.Build.0 = Debug|Any CPU
		{AFBDA673-A438-4443-9086-96DB3E413367}.Release|Any CPU.ActiveCfg = Release|Any CPU
		{AFBDA673-A438-4443-9086-96DB3E413367}.Release|Any CPU.Build.0 = Release|Any CPU
	EndGlobalSection
	GlobalSection(SolutionProperties) = preSolution
		HideSolutionNode = FALSE
	EndGlobalSection
	GlobalSection(ExtensibilityGlobals) = postSolution
		SolutionGuid = {924E3E23-AF58-4440-8033-6479BD6F2996}
	EndGlobalSection
EndGlobal
