
Microsoft Visual Studio Solution File, Format Version 12.00
# Visual Studio Version 17
VisualStudioVersion = 17.11.35312.102
MinimumVisualStudioVersion = 10.0.40219.1
Project("{FAE04EC0-301F-11D3-BF4B-00C04F79EFBC}") = "MethodForFindWordIntoTheCentence", "MethodForFindWordIntoTheCentence\MethodForFindWordIntoTheCentence.csproj", "{62F9DF58-DDEB-479F-BE56-D5A0DC9DF4C7}"
EndProject
Global
	GlobalSection(SolutionConfigurationPlatforms) = preSolution
		Debug|Any CPU = Debug|Any CPU
		Release|Any CPU = Release|Any CPU
	EndGlobalSection
	GlobalSection(ProjectConfigurationPlatforms) = postSolution
		{62F9DF58-DDEB-479F-BE56-D5A0DC9DF4C7}.Debug|Any CPU.ActiveCfg = Debug|Any CPU
		{62F9DF58-DDEB-479F-BE56-D5A0DC9DF4C7}.Debug|Any CPU.Build.0 = Debug|Any CPU
		{62F9DF58-DDEB-479F-BE56-D5A0DC9DF4C7}.Release|Any CPU.ActiveCfg = Release|Any CPU
		{62F9DF58-DDEB-479F-BE56-D5A0DC9DF4C7}.Release|Any CPU.Build.0 = Release|Any CPU
	EndGlobalSection
	GlobalSection(SolutionProperties) = preSolution
		HideSolutionNode = FALSE
	EndGlobalSection
	GlobalSection(ExtensibilityGlobals) = postSolution
		SolutionGuid = {A3E16A4F-32A3-4369-8714-4A54C2DC74EE}
	EndGlobalSection
EndGlobal
